
Microsoft Visual Studio Solution File, Format Version 12.00
# Visual Studio Version 16
VisualStudioVersion = 16.0.30621.155
MinimumVisualStudioVersion = 10.0.40219.1
Project("{FAE04EC0-301F-11D3-BF4B-00C04F79EFBC}") = "WebApplication1", "WebApplication1\WebApplication1.csproj", "{0368ACDF-DB93-4E68-B38D-C3CED6C71E3C}"
EndProject
Global
	GlobalSection(SolutionConfigurationPlatforms) = preSolution
		Debug|Any CPU = Debug|Any CPU
		Release|Any CPU = Release|Any CPU
	EndGlobalSection
	GlobalSection(ProjectConfigurationPlatforms) = postSolution
		{0368ACDF-DB93-4E68-B38D-C3CED6C71E3C}.Debug|Any CPU.ActiveCfg = Debug|Any CPU
		{0368ACDF-DB93-4E68-B38D-C3CED6C71E3C}.Debug|Any CPU.Build.0 = Debug|Any CPU
		{0368ACDF-DB93-4E68-B38D-C3CED6C71E3C}.Release|Any CPU.ActiveCfg = Release|Any CPU
		{0368ACDF-DB93-4E68-B38D-C3CED6C71E3C}.Release|Any CPU.Build.0 = Release|Any CPU
	EndGlobalSection
	GlobalSection(SolutionProperties) = preSolution
		HideSolutionNode = FALSE
	EndGlobalSection
	GlobalSection(ExtensibilityGlobals) = postSolution
		SolutionGuid = {4AF3C98F-6E40-4077-86F3-4EBDC188BFD3}
	EndGlobalSection
EndGlobal
